# THIS IS AN AUTOGENERATED FILE. DO NOT EDIT THIS FILE DIRECTLY.
# yarn lockfile v1


"@babel/runtime@^7.7.2":
  version "7.11.2"
  resolved "https://registry.yarnpkg.com/@babel/runtime/-/runtime-7.11.2.tgz#f549c13c754cc40b87644b9fa9f09a6a95fe0736"
  integrity sha512-TeWkU52so0mPtDcaCTxNBI/IHiz0pZgr8VEFqXFtZWpYD08ZB6FaSwVAS8MKRQAP3bYKiVjwysOJgMFY28o6Tw==
  dependencies:
    regenerator-runtime "^0.13.4"

"@jimp/bmp@^0.16.1":
  version "0.16.1"
  resolved "https://registry.yarnpkg.com/@jimp/bmp/-/bmp-0.16.1.tgz#6e2da655b2ba22e721df0795423f34e92ef13768"
  integrity sha512-iwyNYQeBawrdg/f24x3pQ5rEx+/GwjZcCXd3Kgc+ZUd+Ivia7sIqBsOnDaMZdKCBPlfW364ekexnlOqyVa0NWg==
  dependencies:
    "@babel/runtime" "^7.7.2"
    "@jimp/utils" "^0.16.1"
    bmp-js "^0.1.0"

"@jimp/core@^0.16.1":
  version "0.16.1"
  resolved "https://registry.yarnpkg.com/@jimp/core/-/core-0.16.1.tgz#68c4288f6ef7f31a0f6b859ba3fb28dae930d39d"
  integrity sha512-la7kQia31V6kQ4q1kI/uLimu8FXx7imWVajDGtwUG8fzePLWDFJyZl0fdIXVCL1JW2nBcRHidUot6jvlRDi2+g==
  dependencies:
    "@babel/runtime" "^7.7.2"
    "@jimp/utils" "^0.16.1"
    any-base "^1.1.0"
    buffer "^5.2.0"
    exif-parser "^0.1.12"
    file-type "^9.0.0"
    load-bmfont "^1.3.1"
    mkdirp "^0.5.1"
    phin "^2.9.1"
    pixelmatch "^4.0.2"
    tinycolor2 "^1.4.1"

"@jimp/custom@^0.16.1":
  version "0.16.1"
  resolved "https://registry.yarnpkg.com/@jimp/custom/-/custom-0.16.1.tgz#28b659c59e20a1d75a0c46067bd3f4bd302cf9c5"
  integrity sha512-DNUAHNSiUI/j9hmbatD6WN/EBIyeq4AO0frl5ETtt51VN1SvE4t4v83ZA/V6ikxEf3hxLju4tQ5Pc3zmZkN/3A==
  dependencies:
    "@babel/runtime" "^7.7.2"
    "@jimp/core" "^0.16.1"

"@jimp/gif@^0.16.1":
  version "0.16.1"
  resolved "https://registry.yarnpkg.com/@jimp/gif/-/gif-0.16.1.tgz#d1f7c3a58f4666482750933af8b8f4666414f3ca"
  integrity sha512-r/1+GzIW1D5zrP4tNrfW+3y4vqD935WBXSc8X/wm23QTY9aJO9Lw6PEdzpYCEY+SOklIFKaJYUAq/Nvgm/9ryw==
  dependencies:
    "@babel/runtime" "^7.7.2"
    "@jimp/utils" "^0.16.1"
    gifwrap "^0.9.2"
    omggif "^1.0.9"

"@jimp/jpeg@^0.16.1":
  version "0.16.1"
  resolved "https://registry.yarnpkg.com/@jimp/jpeg/-/jpeg-0.16.1.tgz#3b7bb08a4173f2f6d81f3049b251df3ee2ac8175"
  integrity sha512-8352zrdlCCLFdZ/J+JjBslDvml+fS3Z8gttdml0We759PnnZGqrnPRhkOEOJbNUlE+dD4ckLeIe6NPxlS/7U+w==
  dependencies:
    "@babel/runtime" "^7.7.2"
    "@jimp/utils" "^0.16.1"
    jpeg-js "0.4.2"

"@jimp/plugin-blit@^0.16.1":
  version "0.16.1"
  resolved "https://registry.yarnpkg.com/@jimp/plugin-blit/-/plugin-blit-0.16.1.tgz#09ea919f9d326de3b9c2826fe4155da37dde8edb"
  integrity sha512-fKFNARm32RoLSokJ8WZXHHH2CGzz6ire2n1Jh6u+XQLhk9TweT1DcLHIXwQMh8oR12KgjbgsMGvrMVlVknmOAg==
  dependencies:
    "@babel/runtime" "^7.7.2"
    "@jimp/utils" "^0.16.1"

"@jimp/plugin-blur@^0.16.1":
  version "0.16.1"
  resolved "https://registry.yarnpkg.com/@jimp/plugin-blur/-/plugin-blur-0.16.1.tgz#e614fa002797dcd662e705d4cea376e7db968bf5"
  integrity sha512-1WhuLGGj9MypFKRcPvmW45ht7nXkOKu+lg3n2VBzIB7r4kKNVchuI59bXaCYQumOLEqVK7JdB4glaDAbCQCLyw==
  dependencies:
    "@babel/runtime" "^7.7.2"
    "@jimp/utils" "^0.16.1"

"@jimp/plugin-circle@^0.16.1":
  version "0.16.1"
  resolved "https://registry.yarnpkg.com/@jimp/plugin-circle/-/plugin-circle-0.16.1.tgz#20e3194a67ca29740aba2630fd4d0a89afa27491"
  integrity sha512-JK7yi1CIU7/XL8hdahjcbGA3V7c+F+Iw+mhMQhLEi7Q0tCnZ69YJBTamMiNg3fWPVfMuvWJJKOBRVpwNTuaZRg==
  dependencies:
    "@babel/runtime" "^7.7.2"
    "@jimp/utils" "^0.16.1"

"@jimp/plugin-color@^0.16.1":
  version "0.16.1"
  resolved "https://registry.yarnpkg.com/@jimp/plugin-color/-/plugin-color-0.16.1.tgz#0f298ba74dee818b663834cd80d53e56f3755233"
  integrity sha512-9yQttBAO5SEFj7S6nJK54f+1BnuBG4c28q+iyzm1JjtnehjqMg6Ljw4gCSDCvoCQ3jBSYHN66pmwTV74SU1B7A==
  dependencies:
    "@babel/runtime" "^7.7.2"
    "@jimp/utils" "^0.16.1"
    tinycolor2 "^1.4.1"

"@jimp/plugin-contain@^0.16.1":
  version "0.16.1"
  resolved "https://registry.yarnpkg.com/@jimp/plugin-contain/-/plugin-contain-0.16.1.tgz#3c5f5c495fd9bb08a970739d83694934f58123f2"
  integrity sha512-44F3dUIjBDHN+Ym/vEfg+jtjMjAqd2uw9nssN67/n4FdpuZUVs7E7wadKY1RRNuJO+WgcD5aDQcsvurXMETQTg==
  dependencies:
    "@babel/runtime" "^7.7.2"
    "@jimp/utils" "^0.16.1"

"@jimp/plugin-cover@^0.16.1":
  version "0.16.1"
  resolved "https://registry.yarnpkg.com/@jimp/plugin-cover/-/plugin-cover-0.16.1.tgz#0e8caec16a40abe15b1b32e5383a603a3306dc41"
  integrity sha512-YztWCIldBAVo0zxcQXR+a/uk3/TtYnpKU2CanOPJ7baIuDlWPsG+YE4xTsswZZc12H9Kl7CiziEbDtvF9kwA/Q==
  dependencies:
    "@babel/runtime" "^7.7.2"
    "@jimp/utils" "^0.16.1"

"@jimp/plugin-crop@^0.16.1":
  version "0.16.1"
  resolved "https://registry.yarnpkg.com/@jimp/plugin-crop/-/plugin-crop-0.16.1.tgz#b362497c873043fe47ba881ab08604bf7226f50f"
  integrity sha512-UQdva9oQzCVadkyo3T5Tv2CUZbf0klm2cD4cWMlASuTOYgaGaFHhT9st+kmfvXjKL8q3STkBu/zUPV6PbuV3ew==
  dependencies:
    "@babel/runtime" "^7.7.2"
    "@jimp/utils" "^0.16.1"

"@jimp/plugin-displace@^0.16.1":
  version "0.16.1"
  resolved "https://registry.yarnpkg.com/@jimp/plugin-displace/-/plugin-displace-0.16.1.tgz#4dd9db518c3e78de9d723f86a234bf98922afe8d"
  integrity sha512-iVAWuz2+G6Heu8gVZksUz+4hQYpR4R0R/RtBzpWEl8ItBe7O6QjORAkhxzg+WdYLL2A/Yd4ekTpvK0/qW8hTVw==
  dependencies:
    "@babel/runtime" "^7.7.2"
    "@jimp/utils" "^0.16.1"

"@jimp/plugin-dither@^0.16.1":
  version "0.16.1"
  resolved "https://registry.yarnpkg.com/@jimp/plugin-dither/-/plugin-dither-0.16.1.tgz#b47de2c0bb09608bed228b41c3cd01a85ec2d45b"
  integrity sha512-tADKVd+HDC9EhJRUDwMvzBXPz4GLoU6s5P7xkVq46tskExYSptgj5713J5Thj3NMgH9Rsqu22jNg1H/7tr3V9Q==
  dependencies:
    "@babel/runtime" "^7.7.2"
    "@jimp/utils" "^0.16.1"

"@jimp/plugin-fisheye@^0.16.1":
  version "0.16.1"
  resolved "https://registry.yarnpkg.com/@jimp/plugin-fisheye/-/plugin-fisheye-0.16.1.tgz#f625047b6cdbe1b83b89e9030fd025ab19cdb1a4"
  integrity sha512-BWHnc5hVobviTyIRHhIy9VxI1ACf4CeSuCfURB6JZm87YuyvgQh5aX5UDKtOz/3haMHXBLP61ZBxlNpMD8CG4A==
  dependencies:
    "@babel/runtime" "^7.7.2"
    "@jimp/utils" "^0.16.1"

"@jimp/plugin-flip@^0.16.1":
  version "0.16.1"
  resolved "https://registry.yarnpkg.com/@jimp/plugin-flip/-/plugin-flip-0.16.1.tgz#7a99ea22bde802641017ed0f2615870c144329bb"
  integrity sha512-KdxTf0zErfZ8DyHkImDTnQBuHby+a5YFdoKI/G3GpBl3qxLBvC+PWkS2F/iN3H7wszP7/TKxTEvWL927pypT0w==
  dependencies:
    "@babel/runtime" "^7.7.2"
    "@jimp/utils" "^0.16.1"

"@jimp/plugin-gaussian@^0.16.1":
  version "0.16.1"
  resolved "https://registry.yarnpkg.com/@jimp/plugin-gaussian/-/plugin-gaussian-0.16.1.tgz#0845e314085ccd52e34fad9a83949bc0d81a68e8"
  integrity sha512-u9n4wjskh3N1mSqketbL6tVcLU2S5TEaFPR40K6TDv4phPLZALi1Of7reUmYpVm8mBDHt1I6kGhuCJiWvzfGyg==
  dependencies:
    "@babel/runtime" "^7.7.2"
    "@jimp/utils" "^0.16.1"

"@jimp/plugin-invert@^0.16.1":
  version "0.16.1"
  resolved "https://registry.yarnpkg.com/@jimp/plugin-invert/-/plugin-invert-0.16.1.tgz#7e6f5a15707256f3778d06921675bbcf18545c97"
  integrity sha512-2DKuyVXANH8WDpW9NG+PYFbehzJfweZszFYyxcaewaPLN0GxvxVLOGOPP1NuUTcHkOdMFbE0nHDuB7f+sYF/2w==
  dependencies:
    "@babel/runtime" "^7.7.2"
    "@jimp/utils" "^0.16.1"

"@jimp/plugin-mask@^0.16.1":
  version "0.16.1"
  resolved "https://registry.yarnpkg.com/@jimp/plugin-mask/-/plugin-mask-0.16.1.tgz#e7f2460e05c3cda7af5e76f33ccb0579f66f90df"
  integrity sha512-snfiqHlVuj4bSFS0v96vo2PpqCDMe4JB+O++sMo5jF5mvGcGL6AIeLo8cYqPNpdO6BZpBJ8MY5El0Veckhr39Q==
  dependencies:
    "@babel/runtime" "^7.7.2"
    "@jimp/utils" "^0.16.1"

"@jimp/plugin-normalize@^0.16.1":
  version "0.16.1"
  resolved "https://registry.yarnpkg.com/@jimp/plugin-normalize/-/plugin-normalize-0.16.1.tgz#032dfd88eefbc4dedc8b1b2d243832e4f3af30c8"
  integrity sha512-dOQfIOvGLKDKXPU8xXWzaUeB0nvkosHw6Xg1WhS1Z5Q0PazByhaxOQkSKgUryNN/H+X7UdbDvlyh/yHf3ITRaw==
  dependencies:
    "@babel/runtime" "^7.7.2"
    "@jimp/utils" "^0.16.1"

"@jimp/plugin-print@^0.16.1":
  version "0.16.1"
  resolved "https://registry.yarnpkg.com/@jimp/plugin-print/-/plugin-print-0.16.1.tgz#66b803563f9d109825970714466e6ab9ae639ff6"
  integrity sha512-ceWgYN40jbN4cWRxixym+csyVymvrryuKBQ+zoIvN5iE6OyS+2d7Mn4zlNgumSczb9GGyZZESIgVcBDA1ezq0Q==
  dependencies:
    "@babel/runtime" "^7.7.2"
    "@jimp/utils" "^0.16.1"
    load-bmfont "^1.4.0"

"@jimp/plugin-resize@^0.16.1":
  version "0.16.1"
  resolved "https://registry.yarnpkg.com/@jimp/plugin-resize/-/plugin-resize-0.16.1.tgz#65e39d848ed13ba2d6c6faf81d5d590396571d10"
  integrity sha512-u4JBLdRI7dargC04p2Ha24kofQBk3vhaf0q8FwSYgnCRwxfvh2RxvhJZk9H7Q91JZp6wgjz/SjvEAYjGCEgAwQ==
  dependencies:
    "@babel/runtime" "^7.7.2"
    "@jimp/utils" "^0.16.1"

"@jimp/plugin-rotate@^0.16.1":
  version "0.16.1"
  resolved "https://registry.yarnpkg.com/@jimp/plugin-rotate/-/plugin-rotate-0.16.1.tgz#53fb5d51a4b3d05af9c91c2a8fffe5d7a1a47c8c"
  integrity sha512-ZUU415gDQ0VjYutmVgAYYxC9Og9ixu2jAGMCU54mSMfuIlmohYfwARQmI7h4QB84M76c9hVLdONWjuo+rip/zg==
  dependencies:
    "@babel/runtime" "^7.7.2"
    "@jimp/utils" "^0.16.1"

"@jimp/plugin-scale@^0.16.1":
  version "0.16.1"
  resolved "https://registry.yarnpkg.com/@jimp/plugin-scale/-/plugin-scale-0.16.1.tgz#89f6ba59feed3429847ed226aebda33a240cc647"
  integrity sha512-jM2QlgThIDIc4rcyughD5O7sOYezxdafg/2Xtd1csfK3z6fba3asxDwthqPZAgitrLgiKBDp6XfzC07Y/CefUw==
  dependencies:
    "@babel/runtime" "^7.7.2"
    "@jimp/utils" "^0.16.1"

"@jimp/plugin-shadow@^0.16.1":
  version "0.16.1"
  resolved "https://registry.yarnpkg.com/@jimp/plugin-shadow/-/plugin-shadow-0.16.1.tgz#a7af892a740febf41211e10a5467c3c5c521a04c"
  integrity sha512-MeD2Is17oKzXLnsphAa1sDstTu6nxscugxAEk3ji0GV1FohCvpHBcec0nAq6/czg4WzqfDts+fcPfC79qWmqrA==
  dependencies:
    "@babel/runtime" "^7.7.2"
    "@jimp/utils" "^0.16.1"

"@jimp/plugin-threshold@^0.16.1":
  version "0.16.1"
  resolved "https://registry.yarnpkg.com/@jimp/plugin-threshold/-/plugin-threshold-0.16.1.tgz#34f3078f9965145b7ae26c53a32ad74b1195bbf5"
  integrity sha512-iGW8U/wiCSR0+6syrPioVGoSzQFt4Z91SsCRbgNKTAk7D+XQv6OI78jvvYg4o0c2FOlwGhqz147HZV5utoSLxA==
  dependencies:
    "@babel/runtime" "^7.7.2"
    "@jimp/utils" "^0.16.1"

"@jimp/plugins@^0.16.1":
  version "0.16.1"
  resolved "https://registry.yarnpkg.com/@jimp/plugins/-/plugins-0.16.1.tgz#9f08544c97226d6460a16ced79f57e85bec3257b"
  integrity sha512-c+lCqa25b+4q6mJZSetlxhMoYuiltyS+ValLzdwK/47+aYsq+kcJNl+TuxIEKf59yr9+5rkbpsPkZHLF/V7FFA==
  dependencies:
    "@babel/runtime" "^7.7.2"
    "@jimp/plugin-blit" "^0.16.1"
    "@jimp/plugin-blur" "^0.16.1"
    "@jimp/plugin-circle" "^0.16.1"
    "@jimp/plugin-color" "^0.16.1"
    "@jimp/plugin-contain" "^0.16.1"
    "@jimp/plugin-cover" "^0.16.1"
    "@jimp/plugin-crop" "^0.16.1"
    "@jimp/plugin-displace" "^0.16.1"
    "@jimp/plugin-dither" "^0.16.1"
    "@jimp/plugin-fisheye" "^0.16.1"
    "@jimp/plugin-flip" "^0.16.1"
    "@jimp/plugin-gaussian" "^0.16.1"
    "@jimp/plugin-invert" "^0.16.1"
    "@jimp/plugin-mask" "^0.16.1"
    "@jimp/plugin-normalize" "^0.16.1"
    "@jimp/plugin-print" "^0.16.1"
    "@jimp/plugin-resize" "^0.16.1"
    "@jimp/plugin-rotate" "^0.16.1"
    "@jimp/plugin-scale" "^0.16.1"
    "@jimp/plugin-shadow" "^0.16.1"
    "@jimp/plugin-threshold" "^0.16.1"
    timm "^1.6.1"

"@jimp/png@^0.16.1":
  version "0.16.1"
  resolved "https://registry.yarnpkg.com/@jimp/png/-/png-0.16.1.tgz#f24cfc31529900b13a2dd9d4fdb4460c1e4d814e"
  integrity sha512-iyWoCxEBTW0OUWWn6SveD4LePW89kO7ZOy5sCfYeDM/oTPLpR8iMIGvZpZUz1b8kvzFr27vPst4E5rJhGjwsdw==
  dependencies:
    "@babel/runtime" "^7.7.2"
    "@jimp/utils" "^0.16.1"
    pngjs "^3.3.3"

"@jimp/tiff@^0.16.1":
  version "0.16.1"
  resolved "https://registry.yarnpkg.com/@jimp/tiff/-/tiff-0.16.1.tgz#0e8756695687d7574b6bc73efab0acd4260b7a12"
  integrity sha512-3K3+xpJS79RmSkAvFMgqY5dhSB+/sxhwTFA9f4AVHUK0oKW+u6r52Z1L0tMXHnpbAdR9EJ+xaAl2D4x19XShkQ==
  dependencies:
    "@babel/runtime" "^7.7.2"
    utif "^2.0.1"

"@jimp/types@^0.16.1":
  version "0.16.1"
  resolved "https://registry.yarnpkg.com/@jimp/types/-/types-0.16.1.tgz#0dbab37b3202315c91010f16c31766d35a2322cc"
  integrity sha512-g1w/+NfWqiVW4CaXSJyD28JQqZtm2eyKMWPhBBDCJN9nLCN12/Az0WFF3JUAktzdsEC2KRN2AqB1a2oMZBNgSQ==
  dependencies:
    "@babel/runtime" "^7.7.2"
    "@jimp/bmp" "^0.16.1"
    "@jimp/gif" "^0.16.1"
    "@jimp/jpeg" "^0.16.1"
    "@jimp/png" "^0.16.1"
    "@jimp/tiff" "^0.16.1"
    timm "^1.6.1"

"@jimp/utils@^0.16.1":
  version "0.16.1"
  resolved "https://registry.yarnpkg.com/@jimp/utils/-/utils-0.16.1.tgz#2f51e6f14ff8307c4aa83d5e1a277da14a9fe3f7"
  integrity sha512-8fULQjB0x4LzUSiSYG6ZtQl355sZjxbv8r9PPAuYHzS9sGiSHJQavNqK/nKnpDsVkU88/vRGcE7t3nMU0dEnVw==
  dependencies:
    "@babel/runtime" "^7.7.2"
    regenerator-runtime "^0.13.3"

"@types/node@*":
  version "14.11.1"
  resolved "https://registry.yarnpkg.com/@types/node/-/node-14.11.1.tgz#56af902ad157e763f9ba63d671c39cda3193c835"
  integrity sha512-oTQgnd0hblfLsJ6BvJzzSL+Inogp3lq9fGgqRkMB/ziKMgEUaFl801OncOzUmalfzt14N0oPHMK47ipl+wbTIw==

"@types/puppeteer-core@^2.0.0":
  version "2.0.0"
  resolved "https://registry.yarnpkg.com/@types/puppeteer-core/-/puppeteer-core-2.0.0.tgz#3b7fbbac53d56b566f5ef096116e1d60d504aa45"
  integrity sha512-JvoEb7KgEkUet009ZDrtpUER3hheXoHgQByuYpJZ5WWT7LWwMH+0NTqGQXGgoOKzs+G5NA1T4DZwXK79Bhnejw==
  dependencies:
    "@types/puppeteer" "*"

"@types/puppeteer@*":
  version "3.0.2"
  resolved "https://registry.yarnpkg.com/@types/puppeteer/-/puppeteer-3.0.2.tgz#20085220593b560c7332b6d46aecaf81ae263540"
  integrity sha512-JRuHPSbHZBadOxxFwpyZPeRlpPTTeMbQneMdpFd8LXdyNfFSiX950CGewdm69g/ipzEAXAmMyFF1WOWJOL/nKw==
  dependencies:
    "@types/node" "*"

"@types/yauzl@^2.9.1":
  version "2.9.1"
  resolved "https://registry.yarnpkg.com/@types/yauzl/-/yauzl-2.9.1.tgz#d10f69f9f522eef3cf98e30afb684a1e1ec923af"
  integrity sha512-A1b8SU4D10uoPjwb0lnHmmu8wZhR9d+9o2PKBQT2jU5YPTKsxac6M2qGAdY7VcL+dHHhARVUDmeg0rOrcd9EjA==
  dependencies:
    "@types/node" "*"

agent-base@5:
  version "5.1.1"
  resolved "https://registry.yarnpkg.com/agent-base/-/agent-base-5.1.1.tgz#e8fb3f242959db44d63be665db7a8e739537a32c"
  integrity sha512-TMeqbNl2fMW0nMjTEPOwe3J/PRFP4vqeoNuQMG0HlMrtm5QxKqdvAkZ1pRBQ/ulIyDD5Yq0nJ7YbdD8ey0TO3g==

any-base@^1.1.0:
  version "1.1.0"
  resolved "https://registry.yarnpkg.com/any-base/-/any-base-1.1.0.tgz#ae101a62bc08a597b4c9ab5b7089d456630549fe"
  integrity sha512-uMgjozySS8adZZYePpaWs8cxB9/kdzmpX6SgJZ+wbz1K5eYk5QMYDVJaZKhxyIHUdnnJkfR7SVgStgH7LkGUyg==

balanced-match@^1.0.0:
  version "1.0.0"
  resolved "https://registry.yarnpkg.com/balanced-match/-/balanced-match-1.0.0.tgz#89b4d199ab2bee49de164ea02b89ce462d71b767"
  integrity sha1-ibTRmasr7kneFk6gK4nORi1xt2c=

base64-js@^1.0.2:
  version "1.3.1"
  resolved "https://registry.yarnpkg.com/base64-js/-/base64-js-1.3.1.tgz#58ece8cb75dd07e71ed08c736abc5fac4dbf8df1"
  integrity sha512-mLQ4i2QO1ytvGWFWmcngKO//JXAQueZvwEKtjgQFM4jIK0kU+ytMfplL8j+n5mspOfjHwoAg+9yhb7BwAHm36g==

bl@^4.0.3:
  version "4.0.3"
  resolved "https://registry.yarnpkg.com/bl/-/bl-4.0.3.tgz#12d6287adc29080e22a705e5764b2a9522cdc489"
  integrity sha512-fs4G6/Hu4/EE+F75J8DuN/0IpQqNjAdC7aEQv7Qt8MHGUH7Ckv2MwTEEeN9QehD0pfIDkMI1bkHYkKy7xHyKIg==
  dependencies:
    buffer "^5.5.0"
    inherits "^2.0.4"
    readable-stream "^3.4.0"

bmp-js@^0.1.0:
  version "0.1.0"
  resolved "https://registry.yarnpkg.com/bmp-js/-/bmp-js-0.1.0.tgz#e05a63f796a6c1ff25f4771ec7adadc148c07233"
  integrity sha1-4Fpj95amwf8l9Hcex62twUjAcjM=

brace-expansion@^1.1.7:
  version "1.1.11"
  resolved "https://registry.yarnpkg.com/brace-expansion/-/brace-expansion-1.1.11.tgz#3c7fcbf529d87226f3d2f52b966ff5271eb441dd"
  integrity sha512-iCuPHDFgrHX7H2vEI/5xpz07zSHB00TpugqhmYtVmMO6518mCuRMoOYFldEBl0g187ufozdaHgWKcYFb61qGiA==
  dependencies:
    balanced-match "^1.0.0"
    concat-map "0.0.1"

buffer-crc32@~0.2.3:
  version "0.2.13"
  resolved "https://registry.yarnpkg.com/buffer-crc32/-/buffer-crc32-0.2.13.tgz#0d333e3f00eac50aa1454abd30ef8c2a5d9a7242"
  integrity sha1-DTM+PwDqxQqhRUq9MO+MKl2ackI=

buffer-equal@0.0.1:
  version "0.0.1"
  resolved "https://registry.yarnpkg.com/buffer-equal/-/buffer-equal-0.0.1.tgz#91bc74b11ea405bc916bc6aa908faafa5b4aac4b"
  integrity sha1-kbx0sR6kBbyRa8aqkI+q+ltKrEs=

buffer@^5.2.0, buffer@^5.2.1, buffer@^5.5.0:
  version "5.6.0"
  resolved "https://registry.yarnpkg.com/buffer/-/buffer-5.6.0.tgz#a31749dc7d81d84db08abf937b6b8c4033f62786"
  integrity sha512-/gDYp/UtU0eA1ys8bOs9J6a+E/KWIY+DZ+Q2WESNUA0jFRsJOc0SNUO6xJ5SGA1xueg3NL65W6s+NY5l9cunuw==
  dependencies:
    base64-js "^1.0.2"
    ieee754 "^1.1.4"

chownr@^1.1.1:
  version "1.1.4"
  resolved "https://registry.yarnpkg.com/chownr/-/chownr-1.1.4.tgz#6fc9d7b42d32a583596337666e7d08084da2cc6b"
  integrity sha512-jJ0bqzaylmJtVnNgzTeSOs8DPavpbYgEr/b0YL8/2GO3xJEhInFmhKMUnEJQjZumK7KXGFhUy89PrsJWlakBVg==

chrome-aws-lambda@^5.3.0:
  version "5.3.0"
  resolved "https://registry.yarnpkg.com/chrome-aws-lambda/-/chrome-aws-lambda-5.3.0.tgz#85b026a45ce40778529753b82fda6398caa42ba7"
  integrity sha512-0rjvBUP+gba9Re3hggYTCqNkKjb4653nMI6A7JN5sQUHx3ClSY3pp9P41pbtORjMGMvcJllOK8Ow9Ycd86hIhw==
  dependencies:
    lambdafs "^2.0.0"

concat-map@0.0.1:
  version "0.0.1"
  resolved "https://registry.yarnpkg.com/concat-map/-/concat-map-0.0.1.tgz#d8a96bd77fd68df7793a73036a3ba0d5405d477b"
  integrity sha1-2Klr13/Wjfd5OnMDajug1UBdR3s=

cross-fetch@^3.0.0:
  version "3.0.6"
  resolved "https://registry.yarnpkg.com/cross-fetch/-/cross-fetch-3.0.6.tgz#3a4040bc8941e653e0e9cf17f29ebcd177d3365c"
  integrity sha512-KBPUbqgFjzWlVcURG+Svp9TlhA5uliYtiNx/0r8nv0pdypeQCRJ9IaSIc3q/x3q8t3F75cHuwxVql1HFGHCNJQ==
  dependencies:
    node-fetch "2.6.1"

debug@4, debug@^4.1.0, debug@^4.1.1:
  version "4.2.0"
  resolved "https://registry.yarnpkg.com/debug/-/debug-4.2.0.tgz#7f150f93920e94c58f5574c2fd01a3110effe7f1"
  integrity sha512-IX2ncY78vDTjZMFUdmsvIRFY2Cf4FnD0wRs+nQwJU8Lu99/tPFdb0VybiiMTPe3I6rQmwsqQqRBvxU+bZ/I8sg==
  dependencies:
    ms "2.1.2"

devtools-protocol@0.0.799653:
  version "0.0.799653"
  resolved "https://registry.yarnpkg.com/devtools-protocol/-/devtools-protocol-0.0.799653.tgz#86fc95ce5bf4fdf4b77a58047ba9d2301078f119"
  integrity sha512-t1CcaZbvm8pOlikqrsIM9GOa7Ipp07+4h/q9u0JXBWjPCjHdBl9KkddX87Vv9vBHoBGtwV79sYQNGnQM6iS5gg==

dom-walk@^0.1.0:
  version "0.1.2"
  resolved "https://registry.yarnpkg.com/dom-walk/-/dom-walk-0.1.2.tgz#0c548bef048f4d1f2a97249002236060daa3fd84"
  integrity sha512-6QvTW9mrGeIegrFXdtQi9pk7O/nSK6lSdXW2eqUspN5LWD7UTji2Fqw5V2YLjBpHEoU9Xl/eUWNpDeZvoyOv2w==

end-of-stream@^1.1.0, end-of-stream@^1.4.1:
  version "1.4.4"
  resolved "https://registry.yarnpkg.com/end-of-stream/-/end-of-stream-1.4.4.tgz#5ae64a5f45057baf3626ec14da0ca5e4b2431eb0"
  integrity sha512-+uw1inIHVPQoaVuHzRyXd21icM+cnt4CzD5rW+NC1wjOUSTOs+Te7FOv7AhN7vS9x/oIyhLP5PR1H+phQAHu5Q==
  dependencies:
    once "^1.4.0"

exif-parser@^0.1.12:
  version "0.1.12"
  resolved "https://registry.yarnpkg.com/exif-parser/-/exif-parser-0.1.12.tgz#58a9d2d72c02c1f6f02a0ef4a9166272b7760922"
  integrity sha1-WKnS1ywCwfbwKg70qRZicrd2CSI=

extract-zip@^2.0.0:
  version "2.0.1"
  resolved "https://registry.yarnpkg.com/extract-zip/-/extract-zip-2.0.1.tgz#663dca56fe46df890d5f131ef4a06d22bb8ba13a"
  integrity sha512-GDhU9ntwuKyGXdZBUgTIe+vXnWj0fppUEtMDL0+idd5Sta8TGpHssn/eusA9mrPr9qNDym6SxAYZjNvCn/9RBg==
  dependencies:
    debug "^4.1.1"
    get-stream "^5.1.0"
    yauzl "^2.10.0"
  optionalDependencies:
    "@types/yauzl" "^2.9.1"

fd-slicer@~1.1.0:
  version "1.1.0"
  resolved "https://registry.yarnpkg.com/fd-slicer/-/fd-slicer-1.1.0.tgz#25c7c89cb1f9077f8891bbe61d8f390eae256f1e"
  integrity sha1-JcfInLH5B3+IkbvmHY85Dq4lbx4=
  dependencies:
    pend "~1.2.0"

file-type@^9.0.0:
  version "9.0.0"
  resolved "https://registry.yarnpkg.com/file-type/-/file-type-9.0.0.tgz#a68d5ad07f486414dfb2c8866f73161946714a18"
  integrity sha512-Qe/5NJrgIOlwijpq3B7BEpzPFcgzggOTagZmkXQY4LA6bsXKTUstK7Wp12lEJ/mLKTpvIZxmIuRcLYWT6ov9lw==

find-up@^4.0.0:
  version "4.1.0"
  resolved "https://registry.yarnpkg.com/find-up/-/find-up-4.1.0.tgz#97afe7d6cdc0bc5928584b7c8d7b16e8a9aa5d19"
  integrity sha512-PpOwAdQ/YlXQ2vj8a3h8IipDuYRi3wceVQQGYWxNINccq40Anw7BlsEXCMbt1Zt+OLA6Fq9suIpIWD0OsnISlw==
  dependencies:
    locate-path "^5.0.0"
    path-exists "^4.0.0"

fs-constants@^1.0.0:
  version "1.0.0"
  resolved "https://registry.yarnpkg.com/fs-constants/-/fs-constants-1.0.0.tgz#6be0de9be998ce16af8afc24497b9ee9b7ccd9ad"
  integrity sha512-y6OAwoSIf7FyjMIv94u+b5rdheZEjzR63GTyZJm5qh4Bi+2YgwLCcI/fPFZkL5PSixOt6ZNKm+w+Hfp/Bciwow==

fs.realpath@^1.0.0:
  version "1.0.0"
  resolved "https://registry.yarnpkg.com/fs.realpath/-/fs.realpath-1.0.0.tgz#1504ad2523158caa40db4a2787cb01411994ea4f"
  integrity sha1-FQStJSMVjKpA20onh8sBQRmU6k8=

get-stream@^5.1.0:
  version "5.2.0"
  resolved "https://registry.yarnpkg.com/get-stream/-/get-stream-5.2.0.tgz#4966a1795ee5ace65e706c4b7beb71257d6e22d3"
  integrity sha512-nBF+F1rAZVCu/p7rjzgA+Yb4lfYXrpl7a6VmJrU8wF9I1CKvP/QwPNZHnOlwbTkY6dvtFIzFMSyQXbLoTQPRpA==
  dependencies:
    pump "^3.0.0"

gifwrap@^0.9.2:
  version "0.9.2"
  resolved "https://registry.yarnpkg.com/gifwrap/-/gifwrap-0.9.2.tgz#348e286e67d7cf57942172e1e6f05a71cee78489"
  integrity sha512-fcIswrPaiCDAyO8xnWvHSZdWChjKXUanKKpAiWWJ/UTkEi/aYKn5+90e7DE820zbEaVR9CE2y4z9bzhQijZ0BA==
  dependencies:
    image-q "^1.1.1"
    omggif "^1.0.10"

glob@^7.1.3:
  version "7.1.6"
  resolved "https://registry.yarnpkg.com/glob/-/glob-7.1.6.tgz#141f33b81a7c2492e125594307480c46679278a6"
  integrity sha512-LwaxwyZ72Lk7vZINtNNrywX0ZuLyStrdDtabefZKAY5ZGJhVtgdznluResxNmPitE0SAO+O26sWTHeKSI2wMBA==
  dependencies:
    fs.realpath "^1.0.0"
    inflight "^1.0.4"
    inherits "2"
    minimatch "^3.0.4"
    once "^1.3.0"
    path-is-absolute "^1.0.0"

global@~4.3.0:
  version "4.3.2"
  resolved "https://registry.yarnpkg.com/global/-/global-4.3.2.tgz#e76989268a6c74c38908b1305b10fc0e394e9d0f"
  integrity sha1-52mJJopsdMOJCLEwWxD8DjlOnQ8=
  dependencies:
    min-document "^2.19.0"
    process "~0.5.1"

https-proxy-agent@^4.0.0:
  version "4.0.0"
  resolved "https://registry.yarnpkg.com/https-proxy-agent/-/https-proxy-agent-4.0.0.tgz#702b71fb5520a132a66de1f67541d9e62154d82b"
  integrity sha512-zoDhWrkR3of1l9QAL8/scJZyLu8j/gBkcwcaQOZh7Gyh/+uJQzGVETdgT30akuwkpL8HTRfssqI3BZuV18teDg==
  dependencies:
    agent-base "5"
    debug "4"

ieee754@^1.1.4:
  version "1.1.13"
  resolved "https://registry.yarnpkg.com/ieee754/-/ieee754-1.1.13.tgz#ec168558e95aa181fd87d37f55c32bbcb6708b84"
  integrity sha512-4vf7I2LYV/HaWerSo3XmlMkp5eZ83i+/CDluXi/IGTs/O1sejBNhTtnxzmRZfvOUqj7lZjqHkeTvpgSFDlWZTg==

image-q@^1.1.1:
  version "1.1.1"
  resolved "https://registry.yarnpkg.com/image-q/-/image-q-1.1.1.tgz#fc84099664460b90ca862d9300b6bfbbbfbf8056"
  integrity sha1-/IQJlmRGC5DKhi2TALa/u7+/gFY=

inflight@^1.0.4:
  version "1.0.6"
  resolved "https://registry.yarnpkg.com/inflight/-/inflight-1.0.6.tgz#49bd6331d7d02d0c09bc910a1075ba8165b56df9"
  integrity sha1-Sb1jMdfQLQwJvJEKEHW6gWW1bfk=
  dependencies:
    once "^1.3.0"
    wrappy "1"

inherits@2, inherits@^2.0.3, inherits@^2.0.4:
  version "2.0.4"
  resolved "https://registry.yarnpkg.com/inherits/-/inherits-2.0.4.tgz#0fa2c64f932917c3433a0ded55363aae37416b7c"
  integrity sha512-k/vGaX4/Yla3WzyMCvTQOXYeIHvqOKtnqBduzTHpzpQZzAskKMhZ2K+EnBiSM9zGSoIFeMpXKxa4dYeZIQqewQ==

is-function@^1.0.1:
  version "1.0.2"
  resolved "https://registry.yarnpkg.com/is-function/-/is-function-1.0.2.tgz#4f097f30abf6efadac9833b17ca5dc03f8144e08"
  integrity sha512-lw7DUp0aWXYg+CBCN+JKkcE0Q2RayZnSvnZBlwgxHBQhqt5pZNVy4Ri7H9GmmXkdu7LUthszM+Tor1u/2iBcpQ==

jimp@^0.16.1:
  version "0.16.1"
  resolved "https://registry.yarnpkg.com/jimp/-/jimp-0.16.1.tgz#192f851a30e5ca11112a3d0aa53137659a78ca7a"
  integrity sha512-+EKVxbR36Td7Hfd23wKGIeEyHbxShZDX6L8uJkgVW3ESA9GiTEPK08tG1XI2r/0w5Ch0HyJF5kPqF9K7EmGjaw==
  dependencies:
    "@babel/runtime" "^7.7.2"
    "@jimp/custom" "^0.16.1"
    "@jimp/plugins" "^0.16.1"
    "@jimp/types" "^0.16.1"
    regenerator-runtime "^0.13.3"

jpeg-js@0.4.2:
  version "0.4.2"
  resolved "https://registry.yarnpkg.com/jpeg-js/-/jpeg-js-0.4.2.tgz#8b345b1ae4abde64c2da2fe67ea216a114ac279d"
  integrity sha512-+az2gi/hvex7eLTMTlbRLOhH6P6WFdk2ITI8HJsaH2VqYO0I594zXSYEP+tf4FW+8Cy68ScDXoAsQdyQanv3sw==

lambdafs@^2.0.0:
  version "2.0.0"
  resolved "https://registry.yarnpkg.com/lambdafs/-/lambdafs-2.0.0.tgz#41c982486cdf5357d6ae447c47506e7b01952c40"
  integrity sha512-aLZoFHQGOj1gShKC8xjbVcxkSVMTav6kN/+bAJ/ORTWzTA+TeUKZRjzIIFFER5wUHd2FyJd3KygdFJobH2I9cg==
  dependencies:
    tar-fs "^2.1.0"

load-bmfont@^1.3.1, load-bmfont@^1.4.0:
  version "1.4.1"
  resolved "https://registry.yarnpkg.com/load-bmfont/-/load-bmfont-1.4.1.tgz#c0f5f4711a1e2ccff725a7b6078087ccfcddd3e9"
  integrity sha512-8UyQoYmdRDy81Brz6aLAUhfZLwr5zV0L3taTQ4hju7m6biuwiWiJXjPhBJxbUQJA8PrkvJ/7Enqmwk2sM14soA==
  dependencies:
    buffer-equal "0.0.1"
    mime "^1.3.4"
    parse-bmfont-ascii "^1.0.3"
    parse-bmfont-binary "^1.0.5"
    parse-bmfont-xml "^1.1.4"
    phin "^2.9.1"
    xhr "^2.0.1"
    xtend "^4.0.0"

locate-path@^5.0.0:
  version "5.0.0"
  resolved "https://registry.yarnpkg.com/locate-path/-/locate-path-5.0.0.tgz#1afba396afd676a6d42504d0a67a3a7eb9f62aa0"
  integrity sha512-t7hw9pI+WvuwNJXwk5zVHpyhIqzg2qTlklJOf0mVxGSbe3Fp2VieZcduNYjaLDoy6p9uGpQEGWG87WpMKlNq8g==
  dependencies:
    p-locate "^4.1.0"

mime@^1.3.4:
  version "1.6.0"
  resolved "https://registry.yarnpkg.com/mime/-/mime-1.6.0.tgz#32cd9e5c64553bd58d19a568af452acff04981b1"
  integrity sha512-x0Vn8spI+wuJ1O6S7gnbaQg8Pxh4NNHb7KSINmEWKiPE4RKOplvijn+NkmYmmRgP68mc70j2EbeTFRsrswaQeg==

mime@^2.0.3:
  version "2.4.6"
  resolved "https://registry.yarnpkg.com/mime/-/mime-2.4.6.tgz#e5b407c90db442f2beb5b162373d07b69affa4d1"
  integrity sha512-RZKhC3EmpBchfTGBVb8fb+RL2cWyw/32lshnsETttkBAyAUXSGHxbEJWWRXc751DrIxG1q04b8QwMbAwkRPpUA==

min-document@^2.19.0:
  version "2.19.0"
  resolved "https://registry.yarnpkg.com/min-document/-/min-document-2.19.0.tgz#7bd282e3f5842ed295bb748cdd9f1ffa2c824685"
  integrity sha1-e9KC4/WELtKVu3SM3Z8f+iyCRoU=
  dependencies:
    dom-walk "^0.1.0"

minimatch@^3.0.4:
  version "3.0.4"
  resolved "https://registry.yarnpkg.com/minimatch/-/minimatch-3.0.4.tgz#5166e286457f03306064be5497e8dbb0c3d32083"
  integrity sha512-yJHVQEhyqPLUTgt9B83PXu6W3rx4MvvHvSUvToogpwoGDOUQ+yDrR0HRot+yOCdCO7u4hX3pWft6kWBBcqh0UA==
  dependencies:
    brace-expansion "^1.1.7"

minimist@^1.2.5:
  version "1.2.5"
  resolved "https://registry.yarnpkg.com/minimist/-/minimist-1.2.5.tgz#67d66014b66a6a8aaa0c083c5fd58df4e4e97602"
  integrity sha512-FM9nNUYrRBAELZQT3xeZQ7fmMOBg6nWNmJKTcgsJeaLstP/UODVpGsr5OhXhhXg6f+qtJ8uiZ+PUxkDWcgIXLw==

mkdirp-classic@^0.5.2:
  version "0.5.3"
  resolved "https://registry.yarnpkg.com/mkdirp-classic/-/mkdirp-classic-0.5.3.tgz#fa10c9115cc6d8865be221ba47ee9bed78601113"
  integrity sha512-gKLcREMhtuZRwRAfqP3RFW+TK4JqApVBtOIftVgjuABpAtpxhPGaDcfvbhNvD0B8iD1oUr/txX35NjcaY6Ns/A==

mkdirp@^0.5.1:
  version "0.5.5"
  resolved "https://registry.yarnpkg.com/mkdirp/-/mkdirp-0.5.5.tgz#d91cefd62d1436ca0f41620e251288d420099def"
  integrity sha512-NKmAlESf6jMGym1++R0Ra7wvhV+wFW63FaSOFPwRahvea0gMUcGUhVeAg/0BC0wiv9ih5NYPB1Wn1UEI1/L+xQ==
  dependencies:
    minimist "^1.2.5"

ms@2.1.2:
  version "2.1.2"
  resolved "https://registry.yarnpkg.com/ms/-/ms-2.1.2.tgz#d09d1f357b443f493382a8eb3ccd183872ae6009"
  integrity sha512-sGkPx+VjMtmA6MX27oA4FBFELFCZZ4S4XqeGOXCv68tT+jb3vk/RyaKWP0PTKyWtmLSM0b+adUTEvbs1PEaH2w==

node-fetch@2.6.1:
  version "2.6.1"
  resolved "https://registry.yarnpkg.com/node-fetch/-/node-fetch-2.6.1.tgz#045bd323631f76ed2e2b55573394416b639a0052"
  integrity sha512-V4aYg89jEoVRxRb2fJdAg8FHvI7cEyYdVAh94HH0UIK8oJxUfkjlDQN9RbMx+bEjP7+ggMiFRprSti032Oipxw==

oauth-1.0a@^2.2.4:
  version "2.2.6"
  resolved "https://registry.yarnpkg.com/oauth-1.0a/-/oauth-1.0a-2.2.6.tgz#eadbccdb3bceea412d24586e6f39b2b412f0e491"
  integrity sha512-6bkxv3N4Gu5lty4viIcIAnq5GbxECviMBeKR3WX/q87SPQ8E8aursPZUtsXDnxCs787af09WPRBLqYrf/lwoYQ==

omggif@^1.0.10, omggif@^1.0.9:
  version "1.0.10"
  resolved "https://registry.yarnpkg.com/omggif/-/omggif-1.0.10.tgz#ddaaf90d4a42f532e9e7cb3a95ecdd47f17c7b19"
  integrity sha512-LMJTtvgc/nugXj0Vcrrs68Mn2D1r0zf630VNtqtpI1FEO7e+O9FP4gqs9AcnBaSEeoHIPm28u6qgPR0oyEpGSw==

once@^1.3.0, once@^1.3.1, once@^1.4.0:
  version "1.4.0"
  resolved "https://registry.yarnpkg.com/once/-/once-1.4.0.tgz#583b1aa775961d4b113ac17d9c50baef9dd76bd1"
  integrity sha1-WDsap3WWHUsROsF9nFC6753Xa9E=
  dependencies:
    wrappy "1"

p-limit@^2.2.0:
  version "2.3.0"
  resolved "https://registry.yarnpkg.com/p-limit/-/p-limit-2.3.0.tgz#3dd33c647a214fdfffd835933eb086da0dc21db1"
  integrity sha512-//88mFWSJx8lxCzwdAABTJL2MyWB12+eIY7MDL2SqLmAkeKU9qxRvWuSyTjm3FUmpBEMuFfckAIqEaVGUDxb6w==
  dependencies:
    p-try "^2.0.0"

p-locate@^4.1.0:
  version "4.1.0"
  resolved "https://registry.yarnpkg.com/p-locate/-/p-locate-4.1.0.tgz#a3428bb7088b3a60292f66919278b7c297ad4f07"
  integrity sha512-R79ZZ/0wAxKGu3oYMlz8jy/kbhsNrS7SKZ7PxEHBgJ5+F2mtFW2fK2cOtBh1cHYkQsbzFV7I+EoRKe6Yt0oK7A==
  dependencies:
    p-limit "^2.2.0"

p-try@^2.0.0:
  version "2.2.0"
  resolved "https://registry.yarnpkg.com/p-try/-/p-try-2.2.0.tgz#cb2868540e313d61de58fafbe35ce9004d5540e6"
  integrity sha512-R4nPAVTAU0B9D35/Gk3uJf/7XYbQcyohSKdvAxIRSNghFl4e71hVoGnBNQz9cWaXxO2I10KTC+3jMdvvoKw6dQ==

pako@^1.0.5:
  version "1.0.11"
  resolved "https://registry.yarnpkg.com/pako/-/pako-1.0.11.tgz#6c9599d340d54dfd3946380252a35705a6b992bf"
  integrity sha512-4hLB8Py4zZce5s4yd9XzopqwVv/yGNhV1Bl8NTmCq1763HeK2+EwVTv+leGeL13Dnh2wfbqowVPXCIO0z4taYw==

parse-bmfont-ascii@^1.0.3:
  version "1.0.6"
  resolved "https://registry.yarnpkg.com/parse-bmfont-ascii/-/parse-bmfont-ascii-1.0.6.tgz#11ac3c3ff58f7c2020ab22769079108d4dfa0285"
  integrity sha1-Eaw8P/WPfCAgqyJ2kHkQjU36AoU=

parse-bmfont-binary@^1.0.5:
  version "1.0.6"
  resolved "https://registry.yarnpkg.com/parse-bmfont-binary/-/parse-bmfont-binary-1.0.6.tgz#d038b476d3e9dd9db1e11a0b0e53a22792b69006"
  integrity sha1-0Di0dtPp3Z2x4RoLDlOiJ5K2kAY=

parse-bmfont-xml@^1.1.4:
  version "1.1.4"
  resolved "https://registry.yarnpkg.com/parse-bmfont-xml/-/parse-bmfont-xml-1.1.4.tgz#015319797e3e12f9e739c4d513872cd2fa35f389"
  integrity sha512-bjnliEOmGv3y1aMEfREMBJ9tfL3WR0i0CKPj61DnSLaoxWR3nLrsQrEbCId/8rF4NyRF0cCqisSVXyQYWM+mCQ==
  dependencies:
    xml-parse-from-string "^1.0.0"
    xml2js "^0.4.5"

parse-headers@^2.0.0:
  version "2.0.3"
  resolved "https://registry.yarnpkg.com/parse-headers/-/parse-headers-2.0.3.tgz#5e8e7512383d140ba02f0c7aa9f49b4399c92515"
  integrity sha512-QhhZ+DCCit2Coi2vmAKbq5RGTRcQUOE2+REgv8vdyu7MnYx2eZztegqtTx99TZ86GTIwqiy3+4nQTWZ2tgmdCA==

path-exists@^4.0.0:
  version "4.0.0"
  resolved "https://registry.yarnpkg.com/path-exists/-/path-exists-4.0.0.tgz#513bdbe2d3b95d7762e8c1137efa195c6c61b5b3"
  integrity sha512-ak9Qy5Q7jYb2Wwcey5Fpvg2KoAc/ZIhLSLOSBmRmygPsGwkVVt0fZa0qrtMz+m6tJTAHfZQ8FnmB4MG4LWy7/w==

path-is-absolute@^1.0.0:
  version "1.0.1"
  resolved "https://registry.yarnpkg.com/path-is-absolute/-/path-is-absolute-1.0.1.tgz#174b9268735534ffbc7ace6bf53a5a9e1b5c5f5f"
  integrity sha1-F0uSaHNVNP+8es5r9TpanhtcX18=

pend@~1.2.0:
  version "1.2.0"
  resolved "https://registry.yarnpkg.com/pend/-/pend-1.2.0.tgz#7a57eb550a6783f9115331fcf4663d5c8e007a50"
  integrity sha1-elfrVQpng/kRUzH89GY9XI4AelA=

phin@^2.9.1:
  version "2.9.3"
  resolved "https://registry.yarnpkg.com/phin/-/phin-2.9.3.tgz#f9b6ac10a035636fb65dfc576aaaa17b8743125c"
  integrity sha512-CzFr90qM24ju5f88quFC/6qohjC144rehe5n6DH900lgXmUe86+xCKc10ev56gRKC4/BkHUoG4uSiQgBiIXwDA==

pixelmatch@^4.0.2:
  version "4.0.2"
  resolved "https://registry.yarnpkg.com/pixelmatch/-/pixelmatch-4.0.2.tgz#8f47dcec5011b477b67db03c243bc1f3085e8854"
  integrity sha1-j0fc7FARtHe2fbA8JDvB8wheiFQ=
  dependencies:
    pngjs "^3.0.0"

pkg-dir@^4.2.0:
  version "4.2.0"
  resolved "https://registry.yarnpkg.com/pkg-dir/-/pkg-dir-4.2.0.tgz#f099133df7ede422e81d1d8448270eeb3e4261f3"
  integrity sha512-HRDzbaKjC+AOWVXxAU/x54COGeIv9eb+6CkDSQoNTt4XyWoIJvuPsXizxu/Fr23EiekbtZwmh1IcIG/l/a10GQ==
  dependencies:
    find-up "^4.0.0"

pngjs@^3.0.0, pngjs@^3.3.3:
  version "3.4.0"
  resolved "https://registry.yarnpkg.com/pngjs/-/pngjs-3.4.0.tgz#99ca7d725965fb655814eaf65f38f12bbdbf555f"
  integrity sha512-NCrCHhWmnQklfH4MtJMRjZ2a8c80qXeMlQMv2uVp9ISJMTt562SbGd6n2oq0PaPgKm7Z6pL9E2UlLIhC+SHL3w==

process@~0.5.1:
  version "0.5.2"
  resolved "https://registry.yarnpkg.com/process/-/process-0.5.2.tgz#1638d8a8e34c2f440a91db95ab9aeb677fc185cf"
  integrity sha1-FjjYqONML0QKkduVq5rrZ3/Bhc8=

progress@^2.0.1:
  version "2.0.3"
  resolved "https://registry.yarnpkg.com/progress/-/progress-2.0.3.tgz#7e8cf8d8f5b8f239c1bc68beb4eb78567d572ef8"
  integrity sha512-7PiHtLll5LdnKIMw100I+8xJXR5gW2QwWYkT6iJva0bXitZKa/XMrSbdmg3r2Xnaidz9Qumd0VPaMrZlF9V9sA==

proxy-from-env@^1.0.0:
  version "1.1.0"
  resolved "https://registry.yarnpkg.com/proxy-from-env/-/proxy-from-env-1.1.0.tgz#e102f16ca355424865755d2c9e8ea4f24d58c3e2"
  integrity sha512-D+zkORCbA9f1tdWRK0RaCR3GPv50cMxcrz4X8k5LTSUD1Dkw47mKJEZQNunItRTkWwgtaUSo1RVFRIG9ZXiFYg==

pump@^3.0.0:
  version "3.0.0"
  resolved "https://registry.yarnpkg.com/pump/-/pump-3.0.0.tgz#b4a2116815bde2f4e1ea602354e8c75565107a64"
  integrity sha512-LwZy+p3SFs1Pytd/jYct4wpv49HiYCqd9Rlc5ZVdk0V+8Yzv6jR5Blk3TRmPL1ft69TxP0IMZGJ+WPFU2BFhww==
  dependencies:
    end-of-stream "^1.1.0"
    once "^1.3.1"

puppeteer-core@^5.3.0:
  version "5.3.0"
  resolved "https://registry.yarnpkg.com/puppeteer-core/-/puppeteer-core-5.3.0.tgz#36d2e10132632c9cb73007f3f2880f4e6b655977"
  integrity sha512-+4wk+0dcDNg7AQqN41Q9r41U6iltAtknuVBI0aj0O/Vp8/4orgbFV0wn55wV5xRae//CucLPUnaczxZx7dz0UA==
  dependencies:
    debug "^4.1.0"
    devtools-protocol "0.0.799653"
    extract-zip "^2.0.0"
    https-proxy-agent "^4.0.0"
    mime "^2.0.3"
    pkg-dir "^4.2.0"
    progress "^2.0.1"
    proxy-from-env "^1.0.0"
    rimraf "^3.0.2"
    tar-fs "^2.0.0"
    unbzip2-stream "^1.3.3"
    ws "^7.2.3"

readable-stream@^3.1.1, readable-stream@^3.4.0:
  version "3.6.0"
  resolved "https://registry.yarnpkg.com/readable-stream/-/readable-stream-3.6.0.tgz#337bbda3adc0706bd3e024426a286d4b4b2c9198"
  integrity sha512-BViHy7LKeTz4oNnkcLJ+lVSL6vpiFeX6/d3oSH8zCW7UxP2onchk+vTGB143xuFjHS3deTgkKoXXymXqymiIdA==
  dependencies:
    inherits "^2.0.3"
    string_decoder "^1.1.1"
    util-deprecate "^1.0.1"

regenerator-runtime@^0.13.3, regenerator-runtime@^0.13.4:
  version "0.13.7"
  resolved "https://registry.yarnpkg.com/regenerator-runtime/-/regenerator-runtime-0.13.7.tgz#cac2dacc8a1ea675feaabaeb8ae833898ae46f55"
  integrity sha512-a54FxoJDIr27pgf7IgeQGxmqUNYrcV338lf/6gH456HZ/PhX+5BcwHXG9ajESmwe6WRO0tAzRUrRmNONWgkrew==

rimraf@^3.0.2:
  version "3.0.2"
  resolved "https://registry.yarnpkg.com/rimraf/-/rimraf-3.0.2.tgz#f1a5402ba6220ad52cc1282bac1ae3aa49fd061a"
  integrity sha512-JZkJMZkAGFFPP2YqXZXPbMlMBgsxzE8ILs4lMIX/2o0L9UBw9O/Y3o6wFw/i9YLapcUJWwqbi3kdxIPdC62TIA==
  dependencies:
    glob "^7.1.3"

safe-buffer@~5.2.0:
  version "5.2.1"
  resolved "https://registry.yarnpkg.com/safe-buffer/-/safe-buffer-5.2.1.tgz#1eaf9fa9bdb1fdd4ec75f58f9cdb4e6b7827eec6"
  integrity sha512-rp3So07KcdmmKbGvgaNxQSJr7bGVSVk5S9Eq1F+ppbRo70+YeaDxkw5Dd8NPN+GD6bjnYm2VuPuCXmpuYvmCXQ==

sax@>=0.6.0:
  version "1.2.4"
  resolved "https://registry.yarnpkg.com/sax/-/sax-1.2.4.tgz#2816234e2378bddc4e5354fab5caa895df7100d9"
  integrity sha512-NqVDv9TpANUjFm0N8uM5GxL36UgKi9/atZw+x7YFnQ8ckwFGKrl4xX4yWtrey3UJm5nP1kUbnYgLopqWNSRhWw==

string_decoder@^1.1.1:
  version "1.3.0"
  resolved "https://registry.yarnpkg.com/string_decoder/-/string_decoder-1.3.0.tgz#42f114594a46cf1a8e30b0a84f56c78c3edac21e"
  integrity sha512-hkRX8U1WjJFd8LsDJ2yQ/wWWxaopEsABU1XfkM8A+j0+85JAGppt16cr1Whg6KIbb4okU6Mql6BOj+uup/wKeA==
  dependencies:
    safe-buffer "~5.2.0"

tar-fs@^2.0.0, tar-fs@^2.1.0:
  version "2.1.0"
  resolved "https://registry.yarnpkg.com/tar-fs/-/tar-fs-2.1.0.tgz#d1cdd121ab465ee0eb9ccde2d35049d3f3daf0d5"
  integrity sha512-9uW5iDvrIMCVpvasdFHW0wJPez0K4JnMZtsuIeDI7HyMGJNxmDZDOCQROr7lXyS+iL/QMpj07qcjGYTSdRFXUg==
  dependencies:
    chownr "^1.1.1"
    mkdirp-classic "^0.5.2"
    pump "^3.0.0"
    tar-stream "^2.0.0"

tar-stream@^2.0.0:
  version "2.1.4"
  resolved "https://registry.yarnpkg.com/tar-stream/-/tar-stream-2.1.4.tgz#c4fb1a11eb0da29b893a5b25476397ba2d053bfa"
  integrity sha512-o3pS2zlG4gxr67GmFYBLlq+dM8gyRGUOvsrHclSkvtVtQbjV0s/+ZE8OpICbaj8clrX3tjeHngYGP7rweaBnuw==
  dependencies:
    bl "^4.0.3"
    end-of-stream "^1.4.1"
    fs-constants "^1.0.0"
    inherits "^2.0.3"
    readable-stream "^3.1.1"

through@^2.3.8:
  version "2.3.8"
  resolved "https://registry.yarnpkg.com/through/-/through-2.3.8.tgz#0dd4c9ffaabc357960b1b724115d7e0e86a2e1f5"
  integrity sha1-DdTJ/6q8NXlgsbckEV1+Doai4fU=

timm@^1.6.1:
  version "1.7.1"
  resolved "https://registry.yarnpkg.com/timm/-/timm-1.7.1.tgz#96bab60c7d45b5a10a8a4d0f0117c6b7e5aff76f"
  integrity sha512-IjZc9KIotudix8bMaBW6QvMuq64BrJWFs1+4V0lXwWGQZwH+LnX87doAYhem4caOEusRP9/g6jVDQmZ8XOk1nw==

tinycolor2@^1.4.1:
  version "1.4.1"
  resolved "https://registry.yarnpkg.com/tinycolor2/-/tinycolor2-1.4.1.tgz#f4fad333447bc0b07d4dc8e9209d8f39a8ac77e8"
  integrity sha1-9PrTM0R7wLB9TcjpIJ2POaisd+g=

twitter-lite@^0.14.0:
  version "0.14.0"
  resolved "https://registry.yarnpkg.com/twitter-lite/-/twitter-lite-0.14.0.tgz#5ec32d31e693007572d060858f2746ac8aed1a7d"
  integrity sha512-AP7jnuEBIMA18fi3IDWT7fTOJVpZrl1ZwJKunGf2iknKv5BH4mpwBvJmu3RP59XHZFL3ckUcGGRw/INVRikBBg==
  dependencies:
    cross-fetch "^3.0.0"
    oauth-1.0a "^2.2.4"

unbzip2-stream@^1.3.3:
  version "1.4.3"
  resolved "https://registry.yarnpkg.com/unbzip2-stream/-/unbzip2-stream-1.4.3.tgz#b0da04c4371311df771cdc215e87f2130991ace7"
  integrity sha512-mlExGW4w71ebDJviH16lQLtZS32VKqsSfk80GCfUlwT/4/hNRFsoscrF/c++9xinkMzECL1uL9DDwXqFWkruPg==
  dependencies:
    buffer "^5.2.1"
    through "^2.3.8"

utif@^2.0.1:
  version "2.0.1"
  resolved "https://registry.yarnpkg.com/utif/-/utif-2.0.1.tgz#9e1582d9bbd20011a6588548ed3266298e711759"
  integrity sha512-Z/S1fNKCicQTf375lIP9G8Sa1H/phcysstNrrSdZKj1f9g58J4NMgb5IgiEZN9/nLMPDwF0W7hdOe9Qq2IYoLg==
  dependencies:
    pako "^1.0.5"

util-deprecate@^1.0.1:
  version "1.0.2"
  resolved "https://registry.yarnpkg.com/util-deprecate/-/util-deprecate-1.0.2.tgz#450d4dc9fa70de732762fbd2d4a28981419a0ccf"
  integrity sha1-RQ1Nyfpw3nMnYvvS1KKJgUGaDM8=

wrappy@1:
  version "1.0.2"
  resolved "https://registry.yarnpkg.com/wrappy/-/wrappy-1.0.2.tgz#b5243d8f3ec1aa35f1364605bc0d1036e30ab69f"
  integrity sha1-tSQ9jz7BqjXxNkYFvA0QNuMKtp8=

ws@^7.2.3:
  version "7.3.1"
  resolved "https://registry.yarnpkg.com/ws/-/ws-7.3.1.tgz#d0547bf67f7ce4f12a72dfe31262c68d7dc551c8"
  integrity sha512-D3RuNkynyHmEJIpD2qrgVkc9DQ23OrN/moAwZX4L8DfvszsJxpjQuUq3LMx6HoYji9fbIOBY18XWBsAux1ZZUA==

xhr@^2.0.1:
  version "2.5.0"
  resolved "https://registry.yarnpkg.com/xhr/-/xhr-2.5.0.tgz#bed8d1676d5ca36108667692b74b316c496e49dd"
  integrity sha512-4nlO/14t3BNUZRXIXfXe+3N6w3s1KoxcJUUURctd64BLRe67E4gRwp4PjywtDY72fXpZ1y6Ch0VZQRY/gMPzzQ==
  dependencies:
    global "~4.3.0"
    is-function "^1.0.1"
    parse-headers "^2.0.0"
    xtend "^4.0.0"

xml-parse-from-string@^1.0.0:
  version "1.0.1"
  resolved "https://registry.yarnpkg.com/xml-parse-from-string/-/xml-parse-from-string-1.0.1.tgz#a9029e929d3dbcded169f3c6e28238d95a5d5a28"
  integrity sha1-qQKekp09vN7RafPG4oI42VpdWig=

xml2js@^0.4.5:
  version "0.4.23"
  resolved "https://registry.yarnpkg.com/xml2js/-/xml2js-0.4.23.tgz#a0c69516752421eb2ac758ee4d4ccf58843eac66"
  integrity sha512-ySPiMjM0+pLDftHgXY4By0uswI3SPKLDw/i3UXbnO8M/p28zqexCUoPmQFrYD+/1BzhGJSs2i1ERWKJAtiLrug==
  dependencies:
    sax ">=0.6.0"
    xmlbuilder "~11.0.0"

xmlbuilder@~11.0.0:
  version "11.0.1"
  resolved "https://registry.yarnpkg.com/xmlbuilder/-/xmlbuilder-11.0.1.tgz#be9bae1c8a046e76b31127726347d0ad7002beb3"
  integrity sha512-fDlsI/kFEx7gLvbecc0/ohLG50fugQp8ryHzMTuW9vSa1GJ0XYWKnhsUx7oie3G98+r56aTQIUB4kht42R3JvA==

xtend@^4.0.0:
  version "4.0.2"
  resolved "https://registry.yarnpkg.com/xtend/-/xtend-4.0.2.tgz#bb72779f5fa465186b1f438f674fa347fdb5db54"
  integrity sha512-LKYU1iAXJXUgAXn9URjiu+MWhyUXHsvfp7mcuYm9dSUKK0/CjtrUwFAxD82/mCWbtLsGjFIad0wIsod4zrTAEQ==

yauzl@^2.10.0:
  version "2.10.0"
  resolved "https://registry.yarnpkg.com/yauzl/-/yauzl-2.10.0.tgz#c7eb17c93e112cb1086fa6d8e51fb0667b79a5f9"
  integrity sha1-x+sXyT4RLLEIb6bY5R+wZnt5pfk=
  dependencies:
    buffer-crc32 "~0.2.3"
    fd-slicer "~1.1.0"
